
Microsoft Visual Studio Solution File, Format Version 12.00
# Visual Studio Version 17
VisualStudioVersion = 17.8.34330.188
MinimumVisualStudioVersion = 10.0.40219.1
Project("{9A19103F-16F7-4668-BE54-9A1E7A4F7556}") = "TestRail", "TestRail\TestRail.csproj", "{347BCF64-19CE-4DFC-A1DD-957E525B03E0}"
EndProject
Project("{2150E333-8FDC-42A3-9474-1A3956D46DE8}") = ".github", ".github", "{4E75FD55-2B73-4F81-BD3B-7032BC1CF428}"
EndProject
Project("{2150E333-8FDC-42A3-9474-1A3956D46DE8}") = "workflows", "workflows", "{A0978445-AD8F-4329-9FB1-4C7388F2A5C5}"
	ProjectSection(SolutionItems) = preProject
		.github\workflows\dotnet-selenium.yml = .github\workflows\dotnet-selenium.yml
	EndProjectSection
EndProject
Global
	GlobalSection(SolutionConfigurationPlatforms) = preSolution
		Debug|Any CPU = Debug|Any CPU
		Release|Any CPU = Release|Any CPU
	EndGlobalSection
	GlobalSection(ProjectConfigurationPlatforms) = postSolution
		{347BCF64-19CE-4DFC-A1DD-957E525B03E0}.Debug|Any CPU.ActiveCfg = Debug|Any CPU
		{347BCF64-19CE-4DFC-A1DD-957E525B03E0}.Debug|Any CPU.Build.0 = Debug|Any CPU
		{347BCF64-19CE-4DFC-A1DD-957E525B03E0}.Release|Any CPU.ActiveCfg = Release|Any CPU
		{347BCF64-19CE-4DFC-A1DD-957E525B03E0}.Release|Any CPU.Build.0 = Release|Any CPU
	EndGlobalSection
	GlobalSection(SolutionProperties) = preSolution
		HideSolutionNode = FALSE
	EndGlobalSection
	GlobalSection(NestedProjects) = preSolution
		{A0978445-AD8F-4329-9FB1-4C7388F2A5C5} = {4E75FD55-2B73-4F81-BD3B-7032BC1CF428}
	EndGlobalSection
	GlobalSection(ExtensibilityGlobals) = postSolution
		SolutionGuid = {75B29B4A-9F82-491F-B66D-1FECE5522828}
	EndGlobalSection
EndGlobal
