
Microsoft Visual Studio Solution File, Format Version 12.00
# Visual Studio Version 17
VisualStudioVersion = 17.8.34330.188
MinimumVisualStudioVersion = 10.0.40219.1
Project("{FAE04EC0-301F-11D3-BF4B-00C04F79EFBC}") = "TestRail", "TestRail\TestRail.csproj", "{347BCF64-19CE-4DFC-A1DD-957E525B03E0}"
EndProject
Project("{2150E333-8FDC-42A3-9474-1A3956D46DE8}") = ".github", ".github", "{04FF605C-28D9-4C04-91F6-E88A900FF4EC}"
EndProject
Project("{2150E333-8FDC-42A3-9474-1A3956D46DE8}") = "workflows", "workflows", "{380CE0F2-FCDE-42C5-B141-75F88925BB57}"
	ProjectSection(SolutionItems) = preProject
		.github\workflows\dotnet-selenium.yml = .github\workflows\dotnet-selenium.yml
	EndProjectSection
EndProject
Global
	GlobalSection(SolutionConfigurationPlatforms) = preSolution
		Debug|Any CPU = Debug|Any CPU
		Release|Any CPU = Release|Any CPU
	EndGlobalSection
	GlobalSection(ProjectConfigurationPlatforms) = postSolution
		{347BCF64-19CE-4DFC-A1DD-957E525B03E0}.Debug|Any CPU.ActiveCfg = Debug|Any CPU
		{347BCF64-19CE-4DFC-A1DD-957E525B03E0}.Debug|Any CPU.Build.0 = Debug|Any CPU
		{347BCF64-19CE-4DFC-A1DD-957E525B03E0}.Release|Any CPU.ActiveCfg = Release|Any CPU
		{347BCF64-19CE-4DFC-A1DD-957E525B03E0}.Release|Any CPU.Build.0 = Release|Any CPU
	EndGlobalSection
	GlobalSection(SolutionProperties) = preSolution
		HideSolutionNode = FALSE
	EndGlobalSection
	GlobalSection(NestedProjects) = preSolution
		{380CE0F2-FCDE-42C5-B141-75F88925BB57} = {04FF605C-28D9-4C04-91F6-E88A900FF4EC}
	EndGlobalSection
	GlobalSection(ExtensibilityGlobals) = postSolution
		SolutionGuid = {75B29B4A-9F82-491F-B66D-1FECE5522828}
	EndGlobalSection
EndGlobal
